
Microsoft Visual Studio Solution File, Format Version 12.00
# Visual Studio Version 16
VisualStudioVersion = 16.0.28922.388
MinimumVisualStudioVersion = 10.0.40219.1
Project("{FAE04EC0-301F-11D3-BF4B-00C04F79EFBC}") = "GCombustivel", "GCombustivel\GCombustivel.csproj", "{9A25E41E-5D67-4FF7-861A-CFDDE7026315}"
EndProject
Project("{FAE04EC0-301F-11D3-BF4B-00C04F79EFBC}") = "GCombustivel.Domain", "GCombustivel.Domain\GCombustivel.Domain.csproj", "{B1F7051B-00CD-4403-ADC5-3D9BB4E06B03}"
EndProject
Global
	GlobalSection(SolutionConfigurationPlatforms) = preSolution
		Debug|Any CPU = Debug|Any CPU
		Release|Any CPU = Release|Any CPU
	EndGlobalSection
	GlobalSection(ProjectConfigurationPlatforms) = postSolution
		{9A25E41E-5D67-4FF7-861A-CFDDE7026315}.Debug|Any CPU.ActiveCfg = Debug|Any CPU
		{9A25E41E-5D67-4FF7-861A-CFDDE7026315}.Debug|Any CPU.Build.0 = Debug|Any CPU
		{9A25E41E-5D67-4FF7-861A-CFDDE7026315}.Release|Any CPU.ActiveCfg = Release|Any CPU
		{9A25E41E-5D67-4FF7-861A-CFDDE7026315}.Release|Any CPU.Build.0 = Release|Any CPU
		{B1F7051B-00CD-4403-ADC5-3D9BB4E06B03}.Debug|Any CPU.ActiveCfg = Debug|Any CPU
		{B1F7051B-00CD-4403-ADC5-3D9BB4E06B03}.Debug|Any CPU.Build.0 = Debug|Any CPU
		{B1F7051B-00CD-4403-ADC5-3D9BB4E06B03}.Release|Any CPU.ActiveCfg = Release|Any CPU
		{B1F7051B-00CD-4403-ADC5-3D9BB4E06B03}.Release|Any CPU.Build.0 = Release|Any CPU
	EndGlobalSection
	GlobalSection(SolutionProperties) = preSolution
		HideSolutionNode = FALSE
	EndGlobalSection
	GlobalSection(ExtensibilityGlobals) = postSolution
		SolutionGuid = {5E647D2F-5F9F-4649-A181-3AF2C7312FBC}
	EndGlobalSection
EndGlobal
